
Microsoft Visual Studio Solution File, Format Version 12.00
# Visual Studio Version 17
VisualStudioVersion = 17.10.35027.167
MinimumVisualStudioVersion = 10.0.40219.1
Project("{FAE04EC0-301F-11D3-BF4B-00C04F79EFBC}") = "WebAppManish", "WebAppManish\WebAppManish.csproj", "{B76FD690-490F-418F-8695-8822FC859211}"
EndProject
Global
	GlobalSection(SolutionConfigurationPlatforms) = preSolution
		Debug|Any CPU = Debug|Any CPU
		Release|Any CPU = Release|Any CPU
	EndGlobalSection
	GlobalSection(ProjectConfigurationPlatforms) = postSolution
		{B76FD690-490F-418F-8695-8822FC859211}.Debug|Any CPU.ActiveCfg = Debug|Any CPU
		{B76FD690-490F-418F-8695-8822FC859211}.Debug|Any CPU.Build.0 = Debug|Any CPU
		{B76FD690-490F-418F-8695-8822FC859211}.Release|Any CPU.ActiveCfg = Release|Any CPU
		{B76FD690-490F-418F-8695-8822FC859211}.Release|Any CPU.Build.0 = Release|Any CPU
	EndGlobalSection
	GlobalSection(SolutionProperties) = preSolution
		HideSolutionNode = FALSE
	EndGlobalSection
	GlobalSection(ExtensibilityGlobals) = postSolution
		SolutionGuid = {6944DB11-BA1A-4A9F-B9EE-88EA204601F7}
	EndGlobalSection
EndGlobal
